Microsoft Visual Studio Solution File, Format Version 12.00
# Visual Studio Version 17
VisualStudioVersion = 17.5.2.0
MinimumVisualStudioVersion = 10.0.40219.1
Project("{FAE04EC0-301F-11D3-BF4B-00C04F79EFBC}") = "LearningCoachAPI", "LearningCoachAPI\LearningCoachAPI.csproj", "{0E334D79-C61C-7E5D-AB7F-D9F93B851DF8}"
EndProject
Global
	GlobalSection(SolutionConfigurationPlatforms) = preSolution
		Debug|Any CPU = Debug|Any CPU
		Release|Any CPU = Release|Any CPU
	EndGlobalSection
	GlobalSection(ProjectConfigurationPlatforms) = postSolution
		{0E334D79-C61C-7E5D-AB7F-D9F93B851DF8}.Debug|Any CPU.ActiveCfg = Debug|Any CPU
		{0E334D79-C61C-7E5D-AB7F-D9F93B851DF8}.Debug|Any CPU.Build.0 = Debug|Any CPU
		{0E334D79-C61C-7E5D-AB7F-D9F93B851DF8}.Release|Any CPU.ActiveCfg = Release|Any CPU
		{0E334D79-C61C-7E5D-AB7F-D9F93B851DF8}.Release|Any CPU.Build.0 = Release|Any CPU
	EndGlobalSection
	GlobalSection(SolutionProperties) = preSolution
		HideSolutionNode = FALSE
	EndGlobalSection
	GlobalSection(ExtensibilityGlobals) = postSolution
		SolutionGuid = {1C6C115F-2AFA-44CC-8243-2CFD972B2B2A}
	EndGlobalSection
EndGlobal
